// !$*UTF8*$!
{
	archiveVersion = 1;
	classes = {
	};
	objectVersion = 46;
	objects = {

/* Begin PBXBuildFile section */
		6BC999011E276B7A00CD699B /* AppDelegate.swift in Sources */ = {isa = PBXBuildFile; fileRef = 6BC999001E276B7A00CD699B /* AppDelegate.swift */; };
		6BC999031E276B7A00CD699B /* ViewController.swift in Sources */ = {isa = PBXBuildFile; fileRef = 6BC999021E276B7A00CD699B /* ViewController.swift */; };
		6BC999061E276B7A00CD699B /* Main.storyboard in Resources */ = {isa = PBXBuildFile; fileRef = 6BC999041E276B7A00CD699B /* Main.storyboard */; };
		6BC999091E276B7A00CD699B /* m_health.xcdatamodeld in Sources */ = {isa = PBXBuildFile; fileRef = 6BC999071E276B7A00CD699B /* m_health.xcdatamodeld */; };
		6BC9990B1E276B7A00CD699B /* Assets.xcassets in Resources */ = {isa = PBXBuildFile; fileRef = 6BC9990A1E276B7A00CD699B /* Assets.xcassets */; };
		6BC9990E1E276B7A00CD699B /* LaunchScreen.storyboard in Resources */ = {isa = PBXBuildFile; fileRef = 6BC9990C1E276B7A00CD699B /* LaunchScreen.storyboard */; };
/* End PBXBuildFile section */

/* Begin PBXFileReference section */
		6BC998FD1E276B7A00CD699B /* m-health.app */ = {isa = PBXFileReference; explicitFileType = wrapper.application; includeInIndex = 0; path = "m-health.app"; sourceTree = BUILT_PRODUCTS_DIR; };
		6BC999001E276B7A00CD699B /* AppDelegate.swift */ = {isa = PBXFileReference; lastKnownFileType = sourcecode.swift; path = AppDelegate.swift; sourceTree = "<group>"; };
		6BC999021E276B7A00CD699B /* ViewController.swift */ = {isa = PBXFileReference; lastKnownFileType = sourcecode.swift; path = ViewController.swift; sourceTree = "<group>"; };
		6BC999051E276B7A00CD699B /* Base */ = {isa = PBXFileReference; lastKnownFileType = file.storyboard; name = Base; path = Base.lproj/Main.storyboard; sourceTree = "<group>"; };
		6BC999081E276B7A00CD699B /* m_health.xcdatamodel */ = {isa = PBXFileReference; lastKnownFileType = wrapper.xcdatamodel; path = m_health.xcdatamodel; sourceTree = "<group>"; };
		6BC9990A1E276B7A00CD699B /* Assets.xcassets */ = {isa = PBXFileReference; lastKnownFileType = folder.assetcatalog; path = Assets.xcassets; sourceTree = "<group>"; };
		6BC9990D1E276B7A00CD699B /* Base */ = {isa = PBXFileReference; lastKnownFileType = file.storyboard; name = Base; path = Base.lproj/LaunchScreen.storyboard; sourceTree = "<group>"; };
		6BC9990F1E276B7A00CD699B /* Info.plist */ = {isa = PBXFileReference; lastKnownFileType = text.plist.xml; path = Info.plist; sourceTree = "<group>"; };
/* End PBXFileReference section */

/* Begin PBXFrameworksBuildPhase section */
		6BC998FA1E276B7A00CD699B /* Frameworks */ = {
			isa = PBXFrameworksBuildPhase;
			buildActionMask = 2147483647;
			files = (
			);
			runOnlyForDeploymentPostprocessing = 0;
		};
/* End PBXFrameworksBuildPhase section */

/* Begin PBXGroup section */
		6BC998F41E276B7A00CD699B = {
			isa = PBXGroup;
			children = (
				6BC998FF1E276B7A00CD699B /* m-health */,
				6BC998FE1E276B7A00CD699B /* Products */,
			);
			sourceTree = "<group>";
		};
		6BC998FE1E276B7A00CD699B /* Products */ = {
			isa = PBXGroup;
			children = (
				6BC998FD1E276B7A00CD699B /* m-health.app */,
			);
			name = Products;
			sourceTree = "<group>";
		};
		6BC998FF1E276B7A00CD699B /* m-health */ = {
			isa = PBXGroup;
			children = (
				6BC999001E276B7A00CD699B /* AppDelegate.swift */,
				6BC999021E276B7A00CD699B /* ViewController.swift */,
				6BC999041E276B7A00CD699B /* Main.storyboard */,
				6BC9990A1E276B7A00CD699B /* Assets.xcassets */,
				6BC9990C1E276B7A00CD699B /* LaunchScreen.storyboard */,
				6BC9990F1E276B7A00CD699B /* Info.plist */,
				6BC999071E276B7A00CD699B /* m_health.xcdatamodeld */,
			);
			path = "m-health";
			sourceTree = "<group>";
		};
/* End PBXGroup section */

/* Begin PBXNativeTarget section */
		6BC998FC1E276B7A00CD699B /* m-health */ = {
			isa = PBXNativeTarget;
			buildConfigurationList = 6BC999121E276B7A00CD699B /* Build configuration list for PBXNativeTarget "m-health" */;
			buildPhases = (
				6BC998F91E276B7A00CD699B /* Sources */,
				6BC998FA1E276B7A00CD699B /* Frameworks */,
				6BC998FB1E276B7A00CD699B /* Resources */,
			);
			buildRules = (
			);
			dependencies = (
			);
			name = "m-health";
			productName = "m-health";
			productReference = 6BC998FD1E276B7A00CD699B /* m-health.app */;
			productType = "com.apple.product-type.application";
		};
/* End PBXNativeTarget section */

/* Begin PBXProject section */
		6BC998F51E276B7A00CD699B /* Project object */ = {
			isa = PBXProject;
			attributes = {
				LastSwiftUpdateCheck = 0820;
				LastUpgradeCheck = 0820;
				ORGANIZATIONNAME = "Ali Al-Hassany";
				TargetAttributes = {
					6BC998FC1E276B7A00CD699B = {
						CreatedOnToolsVersion = 8.2.1;
						DevelopmentTeam = 745GS5QSVH;
						ProvisioningStyle = Automatic;
					};
				};
			};
			buildConfigurationList = 6BC998F81E276B7A00CD699B /* Build configuration list for PBXProject "m-health" */;
			compatibilityVersion = "Xcode 3.2";
			developmentRegion = English;
			hasScannedForEncodings = 0;
			knownRegions = (
				en,
				Base,
			);
			mainGroup = 6BC998F41E276B7A00CD699B;
			productRefGroup = 6BC998FE1E276B7A00CD699B /* Products */;
			projectDirPath = "";
			projectRoot = "";
			targets = (
				6BC998FC1E276B7A00CD699B /* m-health */,
			);
		};
/* End PBXProject section */

/* Begin PBXResourcesBuildPhase section */
		6BC998FB1E276B7A00CD699B /* Resources */ = {
			isa = PBXResourcesBuildPhase;
			buildActionMask = 2147483647;
			files = (
				6BC9990E1E276B7A00CD699B /* LaunchScreen.storyboard in Resources */,
				6BC9990B1E276B7A00CD699B /* Assets.xcassets in Resources */,
				6BC999061E276B7A00CD699B /* Main.storyboard in Resources */,
			);
			runOnlyForDeploymentPostprocessing = 0;
		};
/* End PBXResourcesBuildPhase section */

/* Begin PBXSourcesBuildPhase section */
		6BC998F91E276B7A00CD699B /* Sources */ = {
			isa = PBXSourcesBuildPhase;
			buildActionMask = 2147483647;
			files = (
				6BC999031E276B7A00CD699B /* ViewController.swift in Sources */,
				6BC999011E276B7A00CD699B /* AppDelegate.swift in Sources */,
				6BC999091E276B7A00CD699B /* m_health.xcdatamodeld in Sources */,
			);
			runOnlyForDeploymentPostprocessing = 0;
		};
/* End PBXSourcesBuildPhase section */

/* Begin PBXVariantGroup section */
		6BC999041E276B7A00CD699B /* Main.storyboard */ = {
			isa = PBXVariantGroup;
			children = (
				6BC999051E276B7A00CD699B /* Base */,
			);
			name = Main.storyboard;
			sourceTree = "<group>";
		};
		6BC9990C1E276B7A00CD699B /* LaunchScreen.storyboard */ = {
			isa = PBXVariantGroup;
			children = (
				6BC9990D1E276B7A00CD699B /* Base */,
			);
			name = LaunchScreen.storyboard;
			sourceTree = "<group>";
		};
/* End PBXVariantGroup section */

/* Begin XCBuildConfiguration section */
		6BC999101E276B7A00CD699B /* Debug */ = {
			isa = XCBuildConfiguration;
			buildSettings = {
				ALWAYS_SEARCH_USER_PATHS = NO;
				CLANG_ANALYZER_NONNULL = YES;
				CLANG_CXX_LANGUAGE_STANDARD = "gnu++0x";
				CLANG_CXX_LIBRARY = "libc++";
				CLANG_ENABLE_MODULES = YES;
				CLANG_ENABLE_OBJC_ARC = YES;
				CLANG_WARN_BOOL_CONVERSION = YES;
				CLANG_WARN_CONSTANT_CONVERSION = YES;
				CLANG_WARN_DIRECT_OBJC_ISA_USAGE = YES_ERROR;
				CLANG_WARN_DOCUMENTATION_COMMENTS = YES;
				CLANG_WARN_EMPTY_BODY = YES;
				CLANG_WARN_ENUM_CONVERSION = YES;
				CLANG_WARN_INFINITE_RECURSION = YES;
				CLANG_WARN_INT_CONVERSION = YES;
				CLANG_WARN_OBJC_ROOT_CLASS = YES_ERROR;
				CLANG_WARN_SUSPICIOUS_MOVE = YES;
				CLANG_WARN_UNREACHABLE_CODE = YES;
				CLANG_WARN__DUPLICATE_METHOD_MATCH = YES;
				"CODE_SIGN_IDENTITY[sdk=iphoneos*]" = "iPhone Developer";
				COPY_PHASE_STRIP = NO;
				DEBUG_INFORMATION_FORMAT = dwarf;
				ENABLE_STRICT_OBJC_MSGSEND = YES;
				ENABLE_TESTABILITY = YES;
				GCC_C_LANGUAGE_STANDARD = gnu99;
				GCC_DYNAMIC_NO_PIC = NO;
				GCC_NO_COMMON_BLOCKS = YES;
				GCC_OPTIMIZATION_LEVEL = 0;
				GCC_PREPROCESSOR_DEFINITIONS = (
					"DEBUG=1",
					"$(inherited)",
				);
				GCC_WARN_64_TO_32_BIT_CONVERSION = YES;
				GCC_WARN_ABOUT_RETURN_TYPE = YES_ERROR;
				GCC_WARN_UNDECLARED_SELECTOR = YES;
				GCC_WARN_UNINITIALIZED_AUTOS = YES_AGGRESSIVE;
				GCC_WARN_UNUSED_FUNCTION = YES;
				GCC_WARN_UNUSED_VARIABLE = YES;
				IPHONEOS_DEPLOYMENT_TARGET = 10.2;
				MTL_ENABLE_DEBUG_INFO = YES;
				ONLY_ACTIVE_ARCH = YES;
				SDKROOT = iphoneos;
				SWIFT_ACTIVE_COMPILATION_CONDITIONS = DEBUG;
				SWIFT_OPTIMIZATION_LEVEL = "-Onone";
			};
			name = Debug;
		};
		6BC999111E276B7A00CD699B /* Release */ = {
			isa = XCBuildConfiguration;
			buildSettings = {
				ALWAYS_SEARCH_USER_PATHS = NO;
				CLANG_ANALYZER_NONNULL = YES;
				CLANG_CXX_LANGUAGE_STANDARD = "gnu++0x";
				CLANG_CXX_LIBRARY = "libc++";
				CLANG_ENABLE_MODULES = YES;
				CLANG_ENABLE_OBJC_ARC = YES;
				CLANG_WARN_BOOL_CONVERSION = YES;
				CLANG_WARN_CONSTANT_CONVERSION = YES;
				CLANG_WARN_DIRECT_OBJC_ISA_USAGE = YES_ERROR;
				CLANG_WARN_DOCUMENTATION_COMMENTS = YES;
				CLANG_WARN_EMPTY_BODY = YES;
				CLANG_WARN_ENUM_CONVERSION = YES;
				CLANG_WARN_INFINITE_RECURSION = YES;
				CLANG_WARN_INT_CONVERSION = YES;
				CLANG_WARN_OBJC_ROOT_CLASS = YES_ERROR;
				CLANG_WARN_SUSPICIOUS_MOVE = YES;
				CLANG_WARN_UNREACHABLE_CODE = YES;
				CLANG_WARN__DUPLICATE_METHOD_MATCH = YES;
				"CODE_SIGN_IDENTITY[sdk=iphoneos*]" = "iPhone Developer";
				COPY_PHASE_STRIP = NO;
				DEBUG_INFORMATION_FORMAT = "dwarf-with-dsym";
				ENABLE_NS_ASSERTIONS = NO;
				ENABLE_STRICT_OBJC_MSGSEND = YES;
				GCC_C_LANGUAGE_STANDARD = gnu99;
				GCC_NO_COMMON_BLOCKS = YES;
				GCC_WARN_64_TO_32_BIT_CONVERSION = YES;
				GCC_WARN_ABOUT_RETURN_TYPE = YES_ERROR;
				GCC_WARN_UNDECLARED_SELECTOR = YES;
				GCC_WARN_UNINITIALIZED_AUTOS = YES_AGGRESSIVE;
				GCC_WARN_UNUSED_FUNCTION = YES;
				GCC_WARN_UNUSED_VARIABLE = YES;
				IPHONEOS_DEPLOYMENT_TARGET = 10.2;
				MTL_ENABLE_DEBUG_INFO = NO;
				SDKROOT = iphoneos;
				SWIFT_OPTIMIZATION_LEVEL = "-Owholemodule";
				VALIDATE_PRODUCT = YES;
			};
			name = Release;
		};
		6BC999131E276B7A00CD699B /* Debug */ = {
			isa = XCBuildConfiguration;
			buildSettings = {
				ASSETCATALOG_COMPILER_APPICON_NAME = AppIcon;
				DEVELOPMENT_TEAM = 745GS5QSVH;
				INFOPLIST_FILE = "m-health/Info.plist";
				LD_RUNPATH_SEARCH_PATHS = "$(inherited) @executable_path/Frameworks";
				PRODUCT_BUNDLE_IDENTIFIER = "com.ali.m-health";
				PRODUCT_NAME = "$(TARGET_NAME)";
				SWIFT_VERSION = 3.0;
			};
			name = Debug;
		};
		6BC999141E276B7A00CD699B /* Release */ = {
			isa = XCBuildConfiguration;
			buildSettings = {
				ASSETCATALOG_COMPILER_APPICON_NAME = AppIcon;
				DEVELOPMENT_TEAM = 745GS5QSVH;
				INFOPLIST_FILE = "m-health/Info.plist";
				LD_RUNPATH_SEARCH_PATHS = "$(inherited) @executable_path/Frameworks";
				PRODUCT_BUNDLE_IDENTIFIER = "com.ali.m-health";
				PRODUCT_NAME = "$(TARGET_NAME)";
				SWIFT_VERSION = 3.0;
			};
			name = Release;
		};
/* End XCBuildConfiguration section */

/* Begin XCConfigurationList section */
		6BC998F81E276B7A00CD699B /* Build configuration list for PBXProject "m-health" */ = {
			isa = XCConfigurationList;
			buildConfigurations = (
				6BC999101E276B7A00CD699B /* Debug */,
				6BC999111E276B7A00CD699B /* Release */,
			);
			defaultConfigurationIsVisible = 0;
			defaultConfigurationName = Release;
		};
		6BC999121E276B7A00CD699B /* Build configuration list for PBXNativeTarget "m-health" */ = {
			isa = XCConfigurationList;
			buildConfigurations = (
				6BC999131E276B7A00CD699B /* Debug */,
				6BC999141E276B7A00CD699B /* Release */,
			);
			defaultConfigurationIsVisible = 0;
		};
/* End XCConfigurationList section */

/* Begin XCVersionGroup section */
		6BC999071E276B7A00CD699B /* m_health.xcdatamodeld */ = {
			isa = XCVersionGroup;
			children = (
				6BC999081E276B7A00CD699B /* m_health.xcdatamodel */,
			);
			currentVersion = 6BC999081E276B7A00CD699B /* m_health.xcdatamodel */;
			path = m_health.xcdatamodeld;
			sourceTree = "<group>";
			versionGroupType = wrapper.xcdatamodel;
		};
/* End XCVersionGroup section */
	};
	rootObject = 6BC998F51E276B7A00CD699B /* Project object */;
}
